{
  "nodes": {
    "nixpkgs": {
      "locked": {
        "lastModified": 1622966049,
        "narHash": "sha256-6g+28v94ISkVk9TBSsITVOnB2slK8plieWPIF2jo/l0=",
        "path": "/nix/store/wfn9j2a5499gmfrms3l366r839918g2h-source",
        "rev": "fbfb79400a08bf754e32b4d4fc3f7d8f8055cf94",
        "type": "path"
      },
      "original": {
        "id": "nixpkgs",
        "type": "indirect"
      }
    },
    "root": {
      "inputs": {
        "nixpkgs": "nixpkgs"
      }
    }
  },
  "root": "root",
  "version": 7
}
